
Microsoft Visual Studio Solution File, Format Version 12.00
# Visual Studio 15
VisualStudioVersion = 15.0.28307.168
MinimumVisualStudioVersion = 10.0.40219.1
Project("{FAE04EC0-301F-11D3-BF4B-00C04F79EFBC}") = "APITest", "APITest\APITest.csproj", "{45088EDD-3551-4B15-B358-C80A7CFE3EC9}"
EndProject
Global
	GlobalSection(SolutionConfigurationPlatforms) = preSolution
		Debug|Any CPU = Debug|Any CPU
		Release|Any CPU = Release|Any CPU
	EndGlobalSection
	GlobalSection(ProjectConfigurationPlatforms) = postSolution
		{45088EDD-3551-4B15-B358-C80A7CFE3EC9}.Debug|Any CPU.ActiveCfg = Debug|Any CPU
		{45088EDD-3551-4B15-B358-C80A7CFE3EC9}.Debug|Any CPU.Build.0 = Debug|Any CPU
		{45088EDD-3551-4B15-B358-C80A7CFE3EC9}.Release|Any CPU.ActiveCfg = Release|Any CPU
		{45088EDD-3551-4B15-B358-C80A7CFE3EC9}.Release|Any CPU.Build.0 = Release|Any CPU
	EndGlobalSection
	GlobalSection(SolutionProperties) = preSolution
		HideSolutionNode = FALSE
	EndGlobalSection
	GlobalSection(ExtensibilityGlobals) = postSolution
		SolutionGuid = {EB54E17E-E4DF-4EDC-8BFD-3D39B7D4CCA7}
	EndGlobalSection
EndGlobal
